
Microsoft Visual Studio Solution File, Format Version 11.00
# Visual Studio 2010
Project("{FAE04EC0-301F-11D3-BF4B-00C04F79EFBC}") = "MailsControlSystem", "MailsControlSystem\MailsControlSystem.csproj", "{7FBD9415-87E6-4BF0-998B-18C48813BAE0}"
EndProject
Global
	GlobalSection(SolutionConfigurationPlatforms) = preSolution
		Debug|Any CPU = Debug|Any CPU
		Release|Any CPU = Release|Any CPU
	EndGlobalSection
	GlobalSection(ProjectConfigurationPlatforms) = postSolution
		{7FBD9415-87E6-4BF0-998B-18C48813BAE0}.Debug|Any CPU.ActiveCfg = Debug|Any CPU
		{7FBD9415-87E6-4BF0-998B-18C48813BAE0}.Debug|Any CPU.Build.0 = Debug|Any CPU
		{7FBD9415-87E6-4BF0-998B-18C48813BAE0}.Release|Any CPU.ActiveCfg = Release|Any CPU
		{7FBD9415-87E6-4BF0-998B-18C48813BAE0}.Release|Any CPU.Build.0 = Release|Any CPU
	EndGlobalSection
	GlobalSection(SolutionProperties) = preSolution
		HideSolutionNode = FALSE
	EndGlobalSection
EndGlobal
